// !$*UTF8*$!
{
	archiveVersion = 1;
	classes = {
	};
	objectVersion = 56;
	objects = {

/* Begin PBXBuildFile section */
		C50505A729E359DA00D23C20 /* AppDelegate.swift in Sources */ = {isa = PBXBuildFile; fileRef = C50505A629E359DA00D23C20 /* AppDelegate.swift */; };
		C50505A929E359DA00D23C20 /* SceneDelegate.swift in Sources */ = {isa = PBXBuildFile; fileRef = C50505A829E359DA00D23C20 /* SceneDelegate.swift */; };
		C50505AE29E359DA00D23C20 /* Main.storyboard in Resources */ = {isa = PBXBuildFile; fileRef = C50505AC29E359DA00D23C20 /* Main.storyboard */; };
		C50505B029E359DB00D23C20 /* Assets.xcassets in Resources */ = {isa = PBXBuildFile; fileRef = C50505AF29E359DB00D23C20 /* Assets.xcassets */; };
		C50505B329E359DB00D23C20 /* LaunchScreen.storyboard in Resources */ = {isa = PBXBuildFile; fileRef = C50505B129E359DB00D23C20 /* LaunchScreen.storyboard */; };
		C50505BB29E35A0900D23C20 /* TableViewController1.swift in Sources */ = {isa = PBXBuildFile; fileRef = C50505BA29E35A0900D23C20 /* TableViewController1.swift */; };
		C50BBB1C29E36EA3006E5139 /* DataStructures.swift in Sources */ = {isa = PBXBuildFile; fileRef = C50BBB1B29E36EA3006E5139 /* DataStructures.swift */; };
		C52FA77929E8B1AD006AC880 /* TableViewControllerForDetailsView.swift in Sources */ = {isa = PBXBuildFile; fileRef = C52FA77829E8B1AD006AC880 /* TableViewControllerForDetailsView.swift */; };
		C5BEA6DF29E74A2A008097C7 /* ViewControllerForDetailsView.swift in Sources */ = {isa = PBXBuildFile; fileRef = C5BEA6DE29E74A29008097C7 /* ViewControllerForDetailsView.swift */; };
/* End PBXBuildFile section */

/* Begin PBXFileReference section */
		C50505A329E359DA00D23C20 /* tableViewToDoListProject.app */ = {isa = PBXFileReference; explicitFileType = wrapper.application; includeInIndex = 0; path = tableViewToDoListProject.app; sourceTree = BUILT_PRODUCTS_DIR; };
		C50505A629E359DA00D23C20 /* AppDelegate.swift */ = {isa = PBXFileReference; lastKnownFileType = sourcecode.swift; path = AppDelegate.swift; sourceTree = "<group>"; };
		C50505A829E359DA00D23C20 /* SceneDelegate.swift */ = {isa = PBXFileReference; lastKnownFileType = sourcecode.swift; path = SceneDelegate.swift; sourceTree = "<group>"; };
		C50505AD29E359DA00D23C20 /* Base */ = {isa = PBXFileReference; lastKnownFileType = file.storyboard; name = Base; path = Base.lproj/Main.storyboard; sourceTree = "<group>"; };
		C50505AF29E359DB00D23C20 /* Assets.xcassets */ = {isa = PBXFileReference; lastKnownFileType = folder.assetcatalog; path = Assets.xcassets; sourceTree = "<group>"; };
		C50505B229E359DB00D23C20 /* Base */ = {isa = PBXFileReference; lastKnownFileType = file.storyboard; name = Base; path = Base.lproj/LaunchScreen.storyboard; sourceTree = "<group>"; };
		C50505B429E359DB00D23C20 /* Info.plist */ = {isa = PBXFileReference; lastKnownFileType = text.plist.xml; path = Info.plist; sourceTree = "<group>"; };
		C50505BA29E35A0900D23C20 /* TableViewController1.swift */ = {isa = PBXFileReference; lastKnownFileType = sourcecode.swift; path = TableViewController1.swift; sourceTree = "<group>"; };
		C50BBB1B29E36EA3006E5139 /* DataStructures.swift */ = {isa = PBXFileReference; lastKnownFileType = sourcecode.swift; path = DataStructures.swift; sourceTree = "<group>"; };
		C52FA77829E8B1AD006AC880 /* TableViewControllerForDetailsView.swift */ = {isa = PBXFileReference; lastKnownFileType = sourcecode.swift; path = TableViewControllerForDetailsView.swift; sourceTree = "<group>"; };
		C5BEA6DE29E74A29008097C7 /* ViewControllerForDetailsView.swift */ = {isa = PBXFileReference; lastKnownFileType = sourcecode.swift; path = ViewControllerForDetailsView.swift; sourceTree = "<group>"; };
/* End PBXFileReference section */

/* Begin PBXFrameworksBuildPhase section */
		C50505A029E359DA00D23C20 /* Frameworks */ = {
			isa = PBXFrameworksBuildPhase;
			buildActionMask = 2147483647;
			files = (
			);
			runOnlyForDeploymentPostprocessing = 0;
		};
/* End PBXFrameworksBuildPhase section */

/* Begin PBXGroup section */
		C505059A29E359DA00D23C20 = {
			isa = PBXGroup;
			children = (
				C50505A529E359DA00D23C20 /* tableViewToDoListProject */,
				C50505A429E359DA00D23C20 /* Products */,
			);
			sourceTree = "<group>";
		};
		C50505A429E359DA00D23C20 /* Products */ = {
			isa = PBXGroup;
			children = (
				C50505A329E359DA00D23C20 /* tableViewToDoListProject.app */,
			);
			name = Products;
			sourceTree = "<group>";
		};
		C50505A529E359DA00D23C20 /* tableViewToDoListProject */ = {
			isa = PBXGroup;
			children = (
				C50505A629E359DA00D23C20 /* AppDelegate.swift */,
				C50505A829E359DA00D23C20 /* SceneDelegate.swift */,
				C50505AC29E359DA00D23C20 /* Main.storyboard */,
				C50BBB1B29E36EA3006E5139 /* DataStructures.swift */,
				C50505BA29E35A0900D23C20 /* TableViewController1.swift */,
				C5BEA6DE29E74A29008097C7 /* ViewControllerForDetailsView.swift */,
				C52FA77829E8B1AD006AC880 /* TableViewControllerForDetailsView.swift */,
				C50505AF29E359DB00D23C20 /* Assets.xcassets */,
				C50505B129E359DB00D23C20 /* LaunchScreen.storyboard */,
				C50505B429E359DB00D23C20 /* Info.plist */,
			);
			path = tableViewToDoListProject;
			sourceTree = "<group>";
		};
/* End PBXGroup section */

/* Begin PBXNativeTarget section */
		C50505A229E359DA00D23C20 /* tableViewToDoListProject */ = {
			isa = PBXNativeTarget;
			buildConfigurationList = C50505B729E359DB00D23C20 /* Build configuration list for PBXNativeTarget "tableViewToDoListProject" */;
			buildPhases = (
				C505059F29E359DA00D23C20 /* Sources */,
				C50505A029E359DA00D23C20 /* Frameworks */,
				C50505A129E359DA00D23C20 /* Resources */,
			);
			buildRules = (
			);
			dependencies = (
			);
			name = tableViewToDoListProject;
			productName = tableViewToDoListProject;
			productReference = C50505A329E359DA00D23C20 /* tableViewToDoListProject.app */;
			productType = "com.apple.product-type.application";
		};
/* End PBXNativeTarget section */

/* Begin PBXProject section */
		C505059B29E359DA00D23C20 /* Project object */ = {
			isa = PBXProject;
			attributes = {
				BuildIndependentTargetsInParallel = 1;
				LastSwiftUpdateCheck = 1420;
				LastUpgradeCheck = 1420;
				TargetAttributes = {
					C50505A229E359DA00D23C20 = {
						CreatedOnToolsVersion = 14.2;
					};
				};
			};
			buildConfigurationList = C505059E29E359DA00D23C20 /* Build configuration list for PBXProject "tableViewToDoListProject" */;
			compatibilityVersion = "Xcode 14.0";
			developmentRegion = en;
			hasScannedForEncodings = 0;
			knownRegions = (
				en,
				Base,
			);
			mainGroup = C505059A29E359DA00D23C20;
			productRefGroup = C50505A429E359DA00D23C20 /* Products */;
			projectDirPath = "";
			projectRoot = "";
			targets = (
				C50505A229E359DA00D23C20 /* tableViewToDoListProject */,
			);
		};
/* End PBXProject section */

/* Begin PBXResourcesBuildPhase section */
		C50505A129E359DA00D23C20 /* Resources */ = {
			isa = PBXResourcesBuildPhase;
			buildActionMask = 2147483647;
			files = (
				C50505B329E359DB00D23C20 /* LaunchScreen.storyboard in Resources */,
				C50505B029E359DB00D23C20 /* Assets.xcassets in Resources */,
				C50505AE29E359DA00D23C20 /* Main.storyboard in Resources */,
			);
			runOnlyForDeploymentPostprocessing = 0;
		};
/* End PBXResourcesBuildPhase section */

/* Begin PBXSourcesBuildPhase section */
		C505059F29E359DA00D23C20 /* Sources */ = {
			isa = PBXSourcesBuildPhase;
			buildActionMask = 2147483647;
			files = (
				C50505A729E359DA00D23C20 /* AppDelegate.swift in Sources */,
				C50BBB1C29E36EA3006E5139 /* DataStructures.swift in Sources */,
				C50505BB29E35A0900D23C20 /* TableViewController1.swift in Sources */,
				C52FA77929E8B1AD006AC880 /* TableViewControllerForDetailsView.swift in Sources */,
				C50505A929E359DA00D23C20 /* SceneDelegate.swift in Sources */,
				C5BEA6DF29E74A2A008097C7 /* ViewControllerForDetailsView.swift in Sources */,
			);
			runOnlyForDeploymentPostprocessing = 0;
		};
/* End PBXSourcesBuildPhase section */

/* Begin PBXVariantGroup section */
		C50505AC29E359DA00D23C20 /* Main.storyboard */ = {
			isa = PBXVariantGroup;
			children = (
				C50505AD29E359DA00D23C20 /* Base */,
			);
			name = Main.storyboard;
			sourceTree = "<group>";
		};
		C50505B129E359DB00D23C20 /* LaunchScreen.storyboard */ = {
			isa = PBXVariantGroup;
			children = (
				C50505B229E359DB00D23C20 /* Base */,
			);
			name = LaunchScreen.storyboard;
			sourceTree = "<group>";
		};
/* End PBXVariantGroup section */

/* Begin XCBuildConfiguration section */
		C50505B529E359DB00D23C20 /* Debug */ = {
			isa = XCBuildConfiguration;
			buildSettings = {
				ALWAYS_SEARCH_USER_PATHS = NO;
				CLANG_ANALYZER_NONNULL = YES;
				CLANG_ANALYZER_NUMBER_OBJECT_CONVERSION = YES_AGGRESSIVE;
				CLANG_CXX_LANGUAGE_STANDARD = "gnu++20";
				CLANG_ENABLE_MODULES = YES;
				CLANG_ENABLE_OBJC_ARC = YES;
				CLANG_ENABLE_OBJC_WEAK = YES;
				CLANG_WARN_BLOCK_CAPTURE_AUTORELEASING = YES;
				CLANG_WARN_BOOL_CONVERSION = YES;
				CLANG_WARN_COMMA = YES;
				CLANG_WARN_CONSTANT_CONVERSION = YES;
				CLANG_WARN_DEPRECATED_OBJC_IMPLEMENTATIONS = YES;
				CLANG_WARN_DIRECT_OBJC_ISA_USAGE = YES_ERROR;
				CLANG_WARN_DOCUMENTATION_COMMENTS = YES;
				CLANG_WARN_EMPTY_BODY = YES;
				CLANG_WARN_ENUM_CONVERSION = YES;
				CLANG_WARN_INFINITE_RECURSION = YES;
				CLANG_WARN_INT_CONVERSION = YES;
				CLANG_WARN_NON_LITERAL_NULL_CONVERSION = YES;
				CLANG_WARN_OBJC_IMPLICIT_RETAIN_SELF = YES;
				CLANG_WARN_OBJC_LITERAL_CONVERSION = YES;
				CLANG_WARN_OBJC_ROOT_CLASS = YES_ERROR;
				CLANG_WARN_QUOTED_INCLUDE_IN_FRAMEWORK_HEADER = YES;
				CLANG_WARN_RANGE_LOOP_ANALYSIS = YES;
				CLANG_WARN_STRICT_PROTOTYPES = YES;
				CLANG_WARN_SUSPICIOUS_MOVE = YES;
				CLANG_WARN_UNGUARDED_AVAILABILITY = YES_AGGRESSIVE;
				CLANG_WARN_UNREACHABLE_CODE = YES;
				CLANG_WARN__DUPLICATE_METHOD_MATCH = YES;
				COPY_PHASE_STRIP = NO;
				DEBUG_INFORMATION_FORMAT = dwarf;
				ENABLE_STRICT_OBJC_MSGSEND = YES;
				ENABLE_TESTABILITY = YES;
				GCC_C_LANGUAGE_STANDARD = gnu11;
				GCC_DYNAMIC_NO_PIC = NO;
				GCC_NO_COMMON_BLOCKS = YES;
				GCC_OPTIMIZATION_LEVEL = 0;
				GCC_PREPROCESSOR_DEFINITIONS = (
					"DEBUG=1",
					"$(inherited)",
				);
				GCC_WARN_64_TO_32_BIT_CONVERSION = YES;
				GCC_WARN_ABOUT_RETURN_TYPE = YES_ERROR;
				GCC_WARN_UNDECLARED_SELECTOR = YES;
				GCC_WARN_UNINITIALIZED_AUTOS = YES_AGGRESSIVE;
				GCC_WARN_UNUSED_FUNCTION = YES;
				GCC_WARN_UNUSED_VARIABLE = YES;
				IPHONEOS_DEPLOYMENT_TARGET = 16.2;
				MTL_ENABLE_DEBUG_INFO = INCLUDE_SOURCE;
				MTL_FAST_MATH = YES;
				ONLY_ACTIVE_ARCH = YES;
				SDKROOT = iphoneos;
				SWIFT_ACTIVE_COMPILATION_CONDITIONS = DEBUG;
				SWIFT_OPTIMIZATION_LEVEL = "-Onone";
			};
			name = Debug;
		};
		C50505B629E359DB00D23C20 /* Release */ = {
			isa = XCBuildConfiguration;
			buildSettings = {
				ALWAYS_SEARCH_USER_PATHS = NO;
				CLANG_ANALYZER_NONNULL = YES;
				CLANG_ANALYZER_NUMBER_OBJECT_CONVERSION = YES_AGGRESSIVE;
				CLANG_CXX_LANGUAGE_STANDARD = "gnu++20";
				CLANG_ENABLE_MODULES = YES;
				CLANG_ENABLE_OBJC_ARC = YES;
				CLANG_ENABLE_OBJC_WEAK = YES;
				CLANG_WARN_BLOCK_CAPTURE_AUTORELEASING = YES;
				CLANG_WARN_BOOL_CONVERSION = YES;
				CLANG_WARN_COMMA = YES;
				CLANG_WARN_CONSTANT_CONVERSION = YES;
				CLANG_WARN_DEPRECATED_OBJC_IMPLEMENTATIONS = YES;
				CLANG_WARN_DIRECT_OBJC_ISA_USAGE = YES_ERROR;
				CLANG_WARN_DOCUMENTATION_COMMENTS = YES;
				CLANG_WARN_EMPTY_BODY = YES;
				CLANG_WARN_ENUM_CONVERSION = YES;
				CLANG_WARN_INFINITE_RECURSION = YES;
				CLANG_WARN_INT_CONVERSION = YES;
				CLANG_WARN_NON_LITERAL_NULL_CONVERSION = YES;
				CLANG_WARN_OBJC_IMPLICIT_RETAIN_SELF = YES;
				CLANG_WARN_OBJC_LITERAL_CONVERSION = YES;
				CLANG_WARN_OBJC_ROOT_CLASS = YES_ERROR;
				CLANG_WARN_QUOTED_INCLUDE_IN_FRAMEWORK_HEADER = YES;
				CLANG_WARN_RANGE_LOOP_ANALYSIS = YES;
				CLANG_WARN_STRICT_PROTOTYPES = YES;
				CLANG_WARN_SUSPICIOUS_MOVE = YES;
				CLANG_WARN_UNGUARDED_AVAILABILITY = YES_AGGRESSIVE;
				CLANG_WARN_UNREACHABLE_CODE = YES;
				CLANG_WARN__DUPLICATE_METHOD_MATCH = YES;
				COPY_PHASE_STRIP = NO;
				DEBUG_INFORMATION_FORMAT = "dwarf-with-dsym";
				ENABLE_NS_ASSERTIONS = NO;
				ENABLE_STRICT_OBJC_MSGSEND = YES;
				GCC_C_LANGUAGE_STANDARD = gnu11;
				GCC_NO_COMMON_BLOCKS = YES;
				GCC_WARN_64_TO_32_BIT_CONVERSION = YES;
				GCC_WARN_ABOUT_RETURN_TYPE = YES_ERROR;
				GCC_WARN_UNDECLARED_SELECTOR = YES;
				GCC_WARN_UNINITIALIZED_AUTOS = YES_AGGRESSIVE;
				GCC_WARN_UNUSED_FUNCTION = YES;
				GCC_WARN_UNUSED_VARIABLE = YES;
				IPHONEOS_DEPLOYMENT_TARGET = 16.2;
				MTL_ENABLE_DEBUG_INFO = NO;
				MTL_FAST_MATH = YES;
				SDKROOT = iphoneos;
				SWIFT_COMPILATION_MODE = wholemodule;
				SWIFT_OPTIMIZATION_LEVEL = "-O";
				VALIDATE_PRODUCT = YES;
			};
			name = Release;
		};
		C50505B829E359DB00D23C20 /* Debug */ = {
			isa = XCBuildConfiguration;
			buildSettings = {
				ASSETCATALOG_COMPILER_APPICON_NAME = AppIcon;
				ASSETCATALOG_COMPILER_GLOBAL_ACCENT_COLOR_NAME = AccentColor;
				CODE_SIGN_STYLE = Automatic;
				CURRENT_PROJECT_VERSION = 1;
				DEVELOPMENT_TEAM = HJC35388Z6;
				GENERATE_INFOPLIST_FILE = YES;
				INFOPLIST_FILE = tableViewToDoListProject/Info.plist;
				INFOPLIST_KEY_UIApplicationSupportsIndirectInputEvents = YES;
				INFOPLIST_KEY_UILaunchStoryboardName = LaunchScreen;
				INFOPLIST_KEY_UIMainStoryboardFile = Main;
				INFOPLIST_KEY_UISupportedInterfaceOrientations_iPad = "UIInterfaceOrientationPortrait UIInterfaceOrientationPortraitUpsideDown UIInterfaceOrientationLandscapeLeft UIInterfaceOrientationLandscapeRight";
				INFOPLIST_KEY_UISupportedInterfaceOrientations_iPhone = "UIInterfaceOrientationPortrait UIInterfaceOrientationLandscapeLeft UIInterfaceOrientationLandscapeRight";
				LD_RUNPATH_SEARCH_PATHS = (
					"$(inherited)",
					"@executable_path/Frameworks",
				);
				MARKETING_VERSION = 1.0;
				PRODUCT_BUNDLE_IDENTIFIER = Syrym.tableViewToDoListProject;
				PRODUCT_NAME = "$(TARGET_NAME)";
				SWIFT_EMIT_LOC_STRINGS = YES;
				SWIFT_VERSION = 5.0;
				TARGETED_DEVICE_FAMILY = "1,2";
			};
			name = Debug;
		};
		C50505B929E359DB00D23C20 /* Release */ = {
			isa = XCBuildConfiguration;
			buildSettings = {
				ASSETCATALOG_COMPILER_APPICON_NAME = AppIcon;
				ASSETCATALOG_COMPILER_GLOBAL_ACCENT_COLOR_NAME = AccentColor;
				CODE_SIGN_STYLE = Automatic;
				CURRENT_PROJECT_VERSION = 1;
				DEVELOPMENT_TEAM = HJC35388Z6;
				GENERATE_INFOPLIST_FILE = YES;
				INFOPLIST_FILE = tableViewToDoListProject/Info.plist;
				INFOPLIST_KEY_UIApplicationSupportsIndirectInputEvents = YES;
				INFOPLIST_KEY_UILaunchStoryboardName = LaunchScreen;
				INFOPLIST_KEY_UIMainStoryboardFile = Main;
				INFOPLIST_KEY_UISupportedInterfaceOrientations_iPad = "UIInterfaceOrientationPortrait UIInterfaceOrientationPortraitUpsideDown UIInterfaceOrientationLandscapeLeft UIInterfaceOrientationLandscapeRight";
				INFOPLIST_KEY_UISupportedInterfaceOrientations_iPhone = "UIInterfaceOrientationPortrait UIInterfaceOrientationLandscapeLeft UIInterfaceOrientationLandscapeRight";
				LD_RUNPATH_SEARCH_PATHS = (
					"$(inherited)",
					"@executable_path/Frameworks",
				);
				MARKETING_VERSION = 1.0;
				PRODUCT_BUNDLE_IDENTIFIER = Syrym.tableViewToDoListProject;
				PRODUCT_NAME = "$(TARGET_NAME)";
				SWIFT_EMIT_LOC_STRINGS = YES;
				SWIFT_VERSION = 5.0;
				TARGETED_DEVICE_FAMILY = "1,2";
			};
			name = Release;
		};
/* End XCBuildConfiguration section */

/* Begin XCConfigurationList section */
		C505059E29E359DA00D23C20 /* Build configuration list for PBXProject "tableViewToDoListProject" */ = {
			isa = XCConfigurationList;
			buildConfigurations = (
				C50505B529E359DB00D23C20 /* Debug */,
				C50505B629E359DB00D23C20 /* Release */,
			);
			defaultConfigurationIsVisible = 0;
			defaultConfigurationName = Release;
		};
		C50505B729E359DB00D23C20 /* Build configuration list for PBXNativeTarget "tableViewToDoListProject" */ = {
			isa = XCConfigurationList;
			buildConfigurations = (
				C50505B829E359DB00D23C20 /* Debug */,
				C50505B929E359DB00D23C20 /* Release */,
			);
			defaultConfigurationIsVisible = 0;
			defaultConfigurationName = Release;
		};
/* End XCConfigurationList section */
	};
	rootObject = C505059B29E359DA00D23C20 /* Project object */;
}
